
Microsoft Visual Studio Solution File, Format Version 12.00
# Visual Studio Version 17
VisualStudioVersion = 17.2.32630.192
MinimumVisualStudioVersion = 10.0.40219.1
Project("{FAE04EC0-301F-11D3-BF4B-00C04F79EFBC}") = "Window Manager", "Window Manager.csproj", "{550A07CB-641A-4F0D-A060-A9C0520E4D30}"
EndProject
Global
	GlobalSection(SolutionConfigurationPlatforms) = preSolution
		Debug|Any CPU = Debug|Any CPU
		Release|Any CPU = Release|Any CPU
	EndGlobalSection
	GlobalSection(ProjectConfigurationPlatforms) = postSolution
		{550A07CB-641A-4F0D-A060-A9C0520E4D30}.Debug|Any CPU.ActiveCfg = Debug|Any CPU
		{550A07CB-641A-4F0D-A060-A9C0520E4D30}.Debug|Any CPU.Build.0 = Debug|Any CPU
		{550A07CB-641A-4F0D-A060-A9C0520E4D30}.Release|Any CPU.ActiveCfg = Release|Any CPU
		{550A07CB-641A-4F0D-A060-A9C0520E4D30}.Release|Any CPU.Build.0 = Release|Any CPU
	EndGlobalSection
	GlobalSection(SolutionProperties) = preSolution
		HideSolutionNode = FALSE
	EndGlobalSection
	GlobalSection(ExtensibilityGlobals) = postSolution
		SolutionGuid = {17F22527-611A-46D2-90AE-3321CC2E12A7}
	EndGlobalSection
EndGlobal
